<?xml version="1.0" encoding="utf-8"?>
<Project ToolsVersion="4.0" xmlns="http://schemas.microsoft.com/developer/msbuild/2003">
  <ItemGroup>
    <Filter Include="Source Files">
      <UniqueIdentifier>{4FC737F1-C7A5-4376-A066-2A32D752A2FF}</UniqueIdentifier>
      <Extensions>cpp;c;cc;cxx;c++;cppm;ixx;def;odl;idl;hpj;bat;asm;asmx</Extensions>
    </Filter>
    <Filter Include="Header Files">
      <UniqueIdentifier>{93995380-89BD-4b04-88EB-625FBE52EBFB}</UniqueIdentifier>
      <Extensions>h;hh;hpp;hxx;h++;hm;inl;inc;ipp;xsd</Extensions>
    </Filter>
    <Filter Include="Resource Files">
      <UniqueIdentifier>{67DA6AB6-F800-4c08-8B7A-83BB121AAD01}</UniqueIdentifier>
      <Extensions>rc;ico;cur;bmp;dlg;rc2;rct;bin;rgs;gif;jpg;jpeg;jpe;resx;tiff;tif;png;wav;mfcribbon-ms</Extensions>
    </Filter>
    <Filter Include="AcadUnitTests">
      <UniqueIdentifier>{3f993492-25d3-456d-8924-647acea18852}</UniqueIdentifier>
    </Filter>
    <Filter Include="HelloWorld">
      <UniqueIdentifier>{01baa1fe-6438-42df-bf4f-c9ada4aa836d}</UniqueIdentifier>
    </Filter>
    <Filter Include="DocumentUtils">
      <UniqueIdentifier>{343a398f-6311-46d1-ba94-3a6edb0c143d}</UniqueIdentifier>
    </Filter>
  </ItemGroup>
  <ItemGroup>
    <ClCompile Include="StdAfx.cpp">
      <Filter>Source Files</Filter>
    </ClCompile>
    <ClCompile Include="AssemblyInfo.cpp">
      <Filter>Source Files</Filter>
    </ClCompile>
    <ClCompile Include="acrxEntryPoint.cpp">
      <Filter>Source Files</Filter>
    </ClCompile>
    <ClCompile Include="ArxHelloWorld.cpp">
      <Filter>Source Files</Filter>
    </ClCompile>
    <ClCompile Include="printButton.cpp">
      <Filter>Source Files</Filter>
    </ClCompile>
    <ClCompile Include="UnitTestsDocument.cpp">
      <Filter>AcadUnitTests</Filter>
    </ClCompile>
    <ClCompile Include="DbModUtils.cpp">
      <Filter>DocumentUtils</Filter>
    </ClCompile>
    <ClCompile Include="HelloWorldUtils.cpp">
      <Filter>HelloWorld</Filter>
    </ClCompile>
    <ClCompile Include="TextStyleUtils.cpp">
      <Filter>DocumentUtils</Filter>
    </ClCompile>
    <ClCompile Include="AssemblyLoader.cpp">
      <Filter>Source Files</Filter>
    </ClCompile>
    <ClCompile Include="UnitTestsDbModLoop.cpp">
      <Filter>AcadUnitTests</Filter>
    </ClCompile>
  </ItemGroup>
  <ItemGroup>
    <ClInclude Include="StdAfx.h">
      <Filter>Header Files</Filter>
    </ClInclude>
    <ClInclude Include="DocData.h">
      <Filter>Header Files</Filter>
    </ClInclude>
    <ClInclude Include="Resource.h">
      <Filter>Header Files</Filter>
    </ClInclude>
    <ClInclude Include="printButton.h">
      <Filter>Header Files</Filter>
    </ClInclude>
    <ClInclude Include="MyForm.h">
      <Filter>Header Files</Filter>
    </ClInclude>
    <ClInclude Include="TextStyleUtils.h">
      <Filter>DocumentUtils</Filter>
    </ClInclude>
  </ItemGroup>
  <ItemGroup>
    <ResourceCompile Include="ArxHelloWorld.rc">
      <Filter>Resource Files</Filter>
    </ResourceCompile>
  </ItemGroup>
  <ItemGroup>
    <Text Include="ReadMe.txt" />
  </ItemGroup>
  <ItemGroup>
    <None Include="packages.config" />
  </ItemGroup>
</Project>